// !$*UTF8*$!
{
	archiveVersion = 1;
	classes = {
	};
	objectVersion = 46;
	objects = {

/* Begin PBXBuildFile section */
		D7295B242D8FE00F00077DBD /* salmon-aes-kernel.cpp in Sources */ = {isa = PBXBuildFile; fileRef = D7295B202D8FE00F00077DBD /* salmon-aes-kernel.cpp */; };
		D7ADEAA42D8F23E700513EA5 /* OpenCL.framework in Frameworks */ = {isa = PBXBuildFile; fileRef = D7ADEAA32D8F23E700513EA5 /* OpenCL.framework */; settings = {ATTRIBUTES = (Weak, ); }; };
		D7ADEAB92D8F2D7600513EA5 /* salmon-aes-intr.h in Headers */ = {isa = PBXBuildFile; fileRef = D7ADEAA72D8F2D7600513EA5 /* salmon-aes-intr.h */; };
		D7ADEABA2D8F2D7600513EA5 /* salmon-aes-opencl.h in Headers */ = {isa = PBXBuildFile; fileRef = D7ADEAA82D8F2D7600513EA5 /* salmon-aes-opencl.h */; };
		D7ADEABB2D8F2D7600513EA5 /* salmon-aes.h in Headers */ = {isa = PBXBuildFile; fileRef = D7ADEAA92D8F2D7600513EA5 /* salmon-aes.h */; };
		D7ADEABC2D8F2D7600513EA5 /* salmon.h in Headers */ = {isa = PBXBuildFile; fileRef = D7ADEAAA2D8F2D7600513EA5 /* salmon.h */; };
		D7ADEAC02D8F2D7600513EA5 /* salmon-aes-intr.c in Sources */ = {isa = PBXBuildFile; fileRef = D7ADEAB02D8F2D7600513EA5 /* salmon-aes-intr.c */; };
		D7ADEAC12D8F2D7600513EA5 /* salmon-aes-opencl.c in Sources */ = {isa = PBXBuildFile; fileRef = D7ADEAB12D8F2D7600513EA5 /* salmon-aes-opencl.c */; };
		D7ADEAC22D8F2D7600513EA5 /* salmon-aes.c in Sources */ = {isa = PBXBuildFile; fileRef = D7ADEAB22D8F2D7600513EA5 /* salmon-aes.c */; };
		D7ADEAC32D8F2D7600513EA5 /* salmon.c in Sources */ = {isa = PBXBuildFile; fileRef = D7ADEAB32D8F2D7600513EA5 /* salmon.c */; };
		D7ADEAC42D8F2D7600513EA5 /* salmon-jni.h in Headers */ = {isa = PBXBuildFile; fileRef = D7ADEAB62D8F2D7600513EA5 /* salmon-jni.h */; };
		D7ADEAC52D8F2D7600513EA5 /* salmon-jni.c in Sources */ = {isa = PBXBuildFile; fileRef = D7ADEAB82D8F2D7600513EA5 /* salmon-jni.c */; };
/* End PBXBuildFile section */

/* Begin PBXFileReference section */
		D7295B202D8FE00F00077DBD /* salmon-aes-kernel.cpp */ = {isa = PBXFileReference; fileEncoding = 4; lastKnownFileType = sourcecode.cpp.cpp; path = "salmon-aes-kernel.cpp"; sourceTree = "<group>"; };
		D73137B22B5FB27B002EAC60 /* libsalmon.dylib */ = {isa = PBXFileReference; explicitFileType = "compiled.mach-o.dylib"; includeInIndex = 0; path = libsalmon.dylib; sourceTree = BUILT_PRODUCTS_DIR; };
		D7ADEAA32D8F23E700513EA5 /* OpenCL.framework */ = {isa = PBXFileReference; lastKnownFileType = wrapper.framework; name = OpenCL.framework; path = System/Library/Frameworks/OpenCL.framework; sourceTree = SDKROOT; };
		D7ADEAA72D8F2D7600513EA5 /* salmon-aes-intr.h */ = {isa = PBXFileReference; fileEncoding = 4; lastKnownFileType = sourcecode.c.h; path = "salmon-aes-intr.h"; sourceTree = "<group>"; };
		D7ADEAA82D8F2D7600513EA5 /* salmon-aes-opencl.h */ = {isa = PBXFileReference; fileEncoding = 4; lastKnownFileType = sourcecode.c.h; path = "salmon-aes-opencl.h"; sourceTree = "<group>"; };
		D7ADEAA92D8F2D7600513EA5 /* salmon-aes.h */ = {isa = PBXFileReference; fileEncoding = 4; lastKnownFileType = sourcecode.c.h; path = "salmon-aes.h"; sourceTree = "<group>"; };
		D7ADEAAA2D8F2D7600513EA5 /* salmon.h */ = {isa = PBXFileReference; fileEncoding = 4; lastKnownFileType = sourcecode.c.h; path = salmon.h; sourceTree = "<group>"; };
		D7ADEAB02D8F2D7600513EA5 /* salmon-aes-intr.c */ = {isa = PBXFileReference; fileEncoding = 4; lastKnownFileType = sourcecode.c.c; path = "salmon-aes-intr.c"; sourceTree = "<group>"; };
		D7ADEAB12D8F2D7600513EA5 /* salmon-aes-opencl.c */ = {isa = PBXFileReference; fileEncoding = 4; lastKnownFileType = sourcecode.c.c; path = "salmon-aes-opencl.c"; sourceTree = "<group>"; };
		D7ADEAB22D8F2D7600513EA5 /* salmon-aes.c */ = {isa = PBXFileReference; fileEncoding = 4; lastKnownFileType = sourcecode.c.c; path = "salmon-aes.c"; sourceTree = "<group>"; };
		D7ADEAB32D8F2D7600513EA5 /* salmon.c */ = {isa = PBXFileReference; fileEncoding = 4; lastKnownFileType = sourcecode.c.c; path = salmon.c; sourceTree = "<group>"; };
		D7ADEAB62D8F2D7600513EA5 /* salmon-jni.h */ = {isa = PBXFileReference; fileEncoding = 4; lastKnownFileType = sourcecode.c.h; path = "salmon-jni.h"; sourceTree = "<group>"; };
		D7ADEAB82D8F2D7600513EA5 /* salmon-jni.c */ = {isa = PBXFileReference; fileEncoding = 4; lastKnownFileType = sourcecode.c.c; path = "salmon-jni.c"; sourceTree = "<group>"; };
/* End PBXFileReference section */

/* Begin PBXFrameworksBuildPhase section */
		D73137AF2B5FB27B002EAC60 /* Frameworks */ = {
			isa = PBXFrameworksBuildPhase;
			buildActionMask = 2147483647;
			files = (
				D7ADEAA42D8F23E700513EA5 /* OpenCL.framework in Frameworks */,
			);
			runOnlyForDeploymentPostprocessing = 0;
		};
/* End PBXFrameworksBuildPhase section */

/* Begin PBXGroup section */
		D7295B1C2D8FE00F00077DBD /* kernels */ = {
			isa = PBXGroup;
			children = (
				D7295B202D8FE00F00077DBD /* salmon-aes-kernel.cpp */,
			);
			path = kernels;
			sourceTree = "<group>";
		};
		D73137A92B5FB27B002EAC60 = {
			isa = PBXGroup;
			children = (
				D7ADEAA52D8F2D7600513EA5 /* salmon */,
				D7ADEAB42D8F2D7600513EA5 /* salmon-jni */,
				D73137B32B5FB27B002EAC60 /* Products */,
				D7ADEAA22D8F23E600513EA5 /* Frameworks */,
			);
			sourceTree = "<group>";
		};
		D73137B32B5FB27B002EAC60 /* Products */ = {
			isa = PBXGroup;
			children = (
				D73137B22B5FB27B002EAC60 /* libsalmon.dylib */,
			);
			name = Products;
			sourceTree = "<group>";
		};
		D7ADEAA22D8F23E600513EA5 /* Frameworks */ = {
			isa = PBXGroup;
			children = (
				D7ADEAA32D8F23E700513EA5 /* OpenCL.framework */,
			);
			name = Frameworks;
			sourceTree = "<group>";
		};
		D7ADEAA52D8F2D7600513EA5 /* salmon */ = {
			isa = PBXGroup;
			children = (
				D7ADEAA62D8F2D7600513EA5 /* include */,
				D7ADEAAB2D8F2D7600513EA5 /* src */,
			);
			name = salmon;
			path = ../../../src/c/salmon;
			sourceTree = "<group>";
		};
		D7ADEAA62D8F2D7600513EA5 /* include */ = {
			isa = PBXGroup;
			children = (
				D7ADEAA72D8F2D7600513EA5 /* salmon-aes-intr.h */,
				D7ADEAA82D8F2D7600513EA5 /* salmon-aes-opencl.h */,
				D7ADEAA92D8F2D7600513EA5 /* salmon-aes.h */,
				D7ADEAAA2D8F2D7600513EA5 /* salmon.h */,
			);
			path = include;
			sourceTree = "<group>";
		};
		D7ADEAAB2D8F2D7600513EA5 /* src */ = {
			isa = PBXGroup;
			children = (
				D7295B1C2D8FE00F00077DBD /* kernels */,
				D7ADEAB02D8F2D7600513EA5 /* salmon-aes-intr.c */,
				D7ADEAB12D8F2D7600513EA5 /* salmon-aes-opencl.c */,
				D7ADEAB22D8F2D7600513EA5 /* salmon-aes.c */,
				D7ADEAB32D8F2D7600513EA5 /* salmon.c */,
			);
			path = src;
			sourceTree = "<group>";
		};
		D7ADEAB42D8F2D7600513EA5 /* salmon-jni */ = {
			isa = PBXGroup;
			children = (
				D7ADEAB52D8F2D7600513EA5 /* include */,
				D7ADEAB72D8F2D7600513EA5 /* src */,
			);
			name = "salmon-jni";
			path = "../../../src/c/salmon-jni";
			sourceTree = "<group>";
		};
		D7ADEAB52D8F2D7600513EA5 /* include */ = {
			isa = PBXGroup;
			children = (
				D7ADEAB62D8F2D7600513EA5 /* salmon-jni.h */,
			);
			path = include;
			sourceTree = "<group>";
		};
		D7ADEAB72D8F2D7600513EA5 /* src */ = {
			isa = PBXGroup;
			children = (
				D7ADEAB82D8F2D7600513EA5 /* salmon-jni.c */,
			);
			path = src;
			sourceTree = "<group>";
		};
/* End PBXGroup section */

/* Begin PBXHeadersBuildPhase section */
		D73137B02B5FB27B002EAC60 /* Headers */ = {
			isa = PBXHeadersBuildPhase;
			buildActionMask = 2147483647;
			files = (
				D7ADEABC2D8F2D7600513EA5 /* salmon.h in Headers */,
				D7ADEAC42D8F2D7600513EA5 /* salmon-jni.h in Headers */,
				D7ADEABB2D8F2D7600513EA5 /* salmon-aes.h in Headers */,
				D7ADEAB92D8F2D7600513EA5 /* salmon-aes-intr.h in Headers */,
				D7ADEABA2D8F2D7600513EA5 /* salmon-aes-opencl.h in Headers */,
			);
			runOnlyForDeploymentPostprocessing = 0;
		};
/* End PBXHeadersBuildPhase section */

/* Begin PBXNativeTarget section */
		D73137B12B5FB27B002EAC60 /* salmon */ = {
			isa = PBXNativeTarget;
			buildConfigurationList = D73137B62B5FB27B002EAC60 /* Build configuration list for PBXNativeTarget "salmon" */;
			buildPhases = (
				D73137AE2B5FB27B002EAC60 /* Sources */,
				D73137AF2B5FB27B002EAC60 /* Frameworks */,
				D73137B02B5FB27B002EAC60 /* Headers */,
			);
			buildRules = (
			);
			dependencies = (
			);
			name = salmon;
			productName = salmon;
			productReference = D73137B22B5FB27B002EAC60 /* libsalmon.dylib */;
			productType = "com.apple.product-type.library.dynamic";
		};
/* End PBXNativeTarget section */

/* Begin PBXProject section */
		D73137AA2B5FB27B002EAC60 /* Project object */ = {
			isa = PBXProject;
			attributes = {
				LastUpgradeCheck = 0820;
				ORGANIZATIONNAME = Mku;
				TargetAttributes = {
					D73137B12B5FB27B002EAC60 = {
						CreatedOnToolsVersion = 8.2;
						ProvisioningStyle = Automatic;
					};
				};
			};
			buildConfigurationList = D73137AD2B5FB27B002EAC60 /* Build configuration list for PBXProject "salmon" */;
			compatibilityVersion = "Xcode 3.2";
			developmentRegion = English;
			hasScannedForEncodings = 0;
			knownRegions = (
				en,
			);
			mainGroup = D73137A92B5FB27B002EAC60;
			productRefGroup = D73137B32B5FB27B002EAC60 /* Products */;
			projectDirPath = "";
			projectRoot = "";
			targets = (
				D73137B12B5FB27B002EAC60 /* salmon */,
			);
		};
/* End PBXProject section */

/* Begin PBXSourcesBuildPhase section */
		D73137AE2B5FB27B002EAC60 /* Sources */ = {
			isa = PBXSourcesBuildPhase;
			buildActionMask = 2147483647;
			files = (
				D7ADEAC12D8F2D7600513EA5 /* salmon-aes-opencl.c in Sources */,
				D7295B242D8FE00F00077DBD /* salmon-aes-kernel.cpp in Sources */,
				D7ADEAC32D8F2D7600513EA5 /* salmon.c in Sources */,
				D7ADEAC02D8F2D7600513EA5 /* salmon-aes-intr.c in Sources */,
				D7ADEAC52D8F2D7600513EA5 /* salmon-jni.c in Sources */,
				D7ADEAC22D8F2D7600513EA5 /* salmon-aes.c in Sources */,
			);
			runOnlyForDeploymentPostprocessing = 0;
		};
/* End PBXSourcesBuildPhase section */

/* Begin XCBuildConfiguration section */
		D73137B42B5FB27B002EAC60 /* Debug */ = {
			isa = XCBuildConfiguration;
			buildSettings = {
				ALWAYS_SEARCH_USER_PATHS = NO;
				CLANG_ANALYZER_NONNULL = YES;
				CLANG_CXX_LANGUAGE_STANDARD = "gnu++0x";
				CLANG_CXX_LIBRARY = "libc++";
				CLANG_ENABLE_MODULES = YES;
				CLANG_ENABLE_OBJC_ARC = YES;
				CLANG_WARN_BOOL_CONVERSION = YES;
				CLANG_WARN_CONSTANT_CONVERSION = YES;
				CLANG_WARN_DIRECT_OBJC_ISA_USAGE = YES_ERROR;
				CLANG_WARN_DOCUMENTATION_COMMENTS = YES;
				CLANG_WARN_EMPTY_BODY = YES;
				CLANG_WARN_ENUM_CONVERSION = YES;
				CLANG_WARN_INFINITE_RECURSION = YES;
				CLANG_WARN_INT_CONVERSION = YES;
				CLANG_WARN_OBJC_ROOT_CLASS = YES_ERROR;
				CLANG_WARN_SUSPICIOUS_MOVE = YES;
				CLANG_WARN_UNREACHABLE_CODE = YES;
				CLANG_WARN__DUPLICATE_METHOD_MATCH = YES;
				CLANG_X86_VECTOR_INSTRUCTIONS = default;
				CODE_SIGN_IDENTITY = "-";
				COPY_PHASE_STRIP = NO;
				DEBUG_INFORMATION_FORMAT = dwarf;
				ENABLE_STRICT_OBJC_MSGSEND = YES;
				ENABLE_TESTABILITY = YES;
				GCC_C_LANGUAGE_STANDARD = gnu99;
				GCC_DYNAMIC_NO_PIC = NO;
				GCC_NO_COMMON_BLOCKS = YES;
				GCC_OPTIMIZATION_LEVEL = 0;
				GCC_PREPROCESSOR_DEFINITIONS = (
					"DEBUG=1",
					"$(inherited)",
				);
				GCC_WARN_64_TO_32_BIT_CONVERSION = YES;
				GCC_WARN_ABOUT_RETURN_TYPE = YES_ERROR;
				GCC_WARN_UNDECLARED_SELECTOR = YES;
				GCC_WARN_UNINITIALIZED_AUTOS = YES_AGGRESSIVE;
				GCC_WARN_UNUSED_FUNCTION = YES;
				GCC_WARN_UNUSED_VARIABLE = YES;
				"HEADER_SEARCH_PATHS[arch=*]" = (
					../../../src/c/salmon/include,
					"../../../src/c/tiny-AES-c",
					/System/Library/Frameworks/JavaVM.framework/Versions/Current/Headers,
				);
				MACOSX_DEPLOYMENT_TARGET = 10.11;
				MTL_ENABLE_DEBUG_INFO = YES;
				ONLY_ACTIVE_ARCH = YES;
				OTHER_CFLAGS = (
					"-maes",
					"-DUSE_TINY_AES",
					"-DAES256=1",
				);
				PRECOMPS_INCLUDE_HEADERS_FROM_BUILT_PRODUCTS_DIR = YES;
				SDKROOT = macosx;
				VALID_ARCHS = x86_64;
			};
			name = Debug;
		};
		D73137B52B5FB27B002EAC60 /* Release */ = {
			isa = XCBuildConfiguration;
			buildSettings = {
				ALWAYS_SEARCH_USER_PATHS = NO;
				CLANG_ANALYZER_NONNULL = YES;
				CLANG_CXX_LANGUAGE_STANDARD = "gnu++0x";
				CLANG_CXX_LIBRARY = "libc++";
				CLANG_ENABLE_MODULES = YES;
				CLANG_ENABLE_OBJC_ARC = YES;
				CLANG_WARN_BOOL_CONVERSION = YES;
				CLANG_WARN_CONSTANT_CONVERSION = YES;
				CLANG_WARN_DIRECT_OBJC_ISA_USAGE = YES_ERROR;
				CLANG_WARN_DOCUMENTATION_COMMENTS = YES;
				CLANG_WARN_EMPTY_BODY = YES;
				CLANG_WARN_ENUM_CONVERSION = YES;
				CLANG_WARN_INFINITE_RECURSION = YES;
				CLANG_WARN_INT_CONVERSION = YES;
				CLANG_WARN_OBJC_ROOT_CLASS = YES_ERROR;
				CLANG_WARN_SUSPICIOUS_MOVE = YES;
				CLANG_WARN_UNREACHABLE_CODE = YES;
				CLANG_WARN__DUPLICATE_METHOD_MATCH = YES;
				CLANG_X86_VECTOR_INSTRUCTIONS = default;
				CODE_SIGN_IDENTITY = "-";
				COPY_PHASE_STRIP = NO;
				DEBUG_INFORMATION_FORMAT = "dwarf-with-dsym";
				ENABLE_NS_ASSERTIONS = NO;
				ENABLE_STRICT_OBJC_MSGSEND = YES;
				GCC_C_LANGUAGE_STANDARD = gnu99;
				GCC_NO_COMMON_BLOCKS = YES;
				GCC_WARN_64_TO_32_BIT_CONVERSION = YES;
				GCC_WARN_ABOUT_RETURN_TYPE = YES_ERROR;
				GCC_WARN_UNDECLARED_SELECTOR = YES;
				GCC_WARN_UNINITIALIZED_AUTOS = YES_AGGRESSIVE;
				GCC_WARN_UNUSED_FUNCTION = YES;
				GCC_WARN_UNUSED_VARIABLE = YES;
				"HEADER_SEARCH_PATHS[arch=*]" = (
					../../../src/c/salmon/include,
					"../../../src/c/tiny-AES-c",
					/System/Library/Frameworks/JavaVM.framework/Versions/Current/Headers,
				);
				MACOSX_DEPLOYMENT_TARGET = 10.11;
				MTL_ENABLE_DEBUG_INFO = NO;
				OTHER_CFLAGS = (
					"-maes",
					"-DUSE_TINY_AES",
					"-DAES256=1",
				);
				PRECOMPS_INCLUDE_HEADERS_FROM_BUILT_PRODUCTS_DIR = YES;
				SDKROOT = macosx;
				VALID_ARCHS = x86_64;
			};
			name = Release;
		};
		D73137B72B5FB27B002EAC60 /* Debug */ = {
			isa = XCBuildConfiguration;
			buildSettings = {
				DEBUG_INFORMATION_FORMAT = dwarf;
				DYLIB_COMPATIBILITY_VERSION = 1;
				DYLIB_CURRENT_VERSION = 1;
				EXECUTABLE_PREFIX = lib;
				GCC_C_LANGUAGE_STANDARD = gnu99;
				GCC_OPTIMIZATION_LEVEL = s;
				GCC_PREPROCESSOR_DEFINITIONS = (
					"DEBUG=1",
					"$(inherited)",
					"USE_OPENCL=1",
					"CL_TARGET_OPENCL_VERSION=120",
				);
				"HEADER_SEARCH_PATHS[arch=*]" = /System/Library/Frameworks/JavaVM.framework/Versions/Current/Headers;
				OTHER_CFLAGS = "-maes";
				PRODUCT_NAME = "$(TARGET_NAME)";
				STRIP_INSTALLED_PRODUCT = YES;
			};
			name = Debug;
		};
		D73137B82B5FB27B002EAC60 /* Release */ = {
			isa = XCBuildConfiguration;
			buildSettings = {
				DEBUG_INFORMATION_FORMAT = dwarf;
				DYLIB_COMPATIBILITY_VERSION = 1;
				DYLIB_CURRENT_VERSION = 1;
				EXECUTABLE_PREFIX = lib;
				GCC_C_LANGUAGE_STANDARD = gnu99;
				GCC_GENERATE_DEBUGGING_SYMBOLS = NO;
				GCC_OPTIMIZATION_LEVEL = s;
				GCC_PREPROCESSOR_DEFINITIONS = (
					"USE_OPENCL=1",
					"CL_TARGET_OPENCL_VERSION=120",
				);
				"HEADER_SEARCH_PATHS[arch=*]" = /System/Library/Frameworks/JavaVM.framework/Versions/Current/Headers;
				OTHER_CFLAGS = "-maes";
				PRODUCT_NAME = "$(TARGET_NAME)";
				STRIP_INSTALLED_PRODUCT = YES;
			};
			name = Release;
		};
/* End XCBuildConfiguration section */

/* Begin XCConfigurationList section */
		D73137AD2B5FB27B002EAC60 /* Build configuration list for PBXProject "salmon" */ = {
			isa = XCConfigurationList;
			buildConfigurations = (
				D73137B42B5FB27B002EAC60 /* Debug */,
				D73137B52B5FB27B002EAC60 /* Release */,
			);
			defaultConfigurationIsVisible = 0;
			defaultConfigurationName = Release;
		};
		D73137B62B5FB27B002EAC60 /* Build configuration list for PBXNativeTarget "salmon" */ = {
			isa = XCConfigurationList;
			buildConfigurations = (
				D73137B72B5FB27B002EAC60 /* Debug */,
				D73137B82B5FB27B002EAC60 /* Release */,
			);
			defaultConfigurationIsVisible = 0;
			defaultConfigurationName = Release;
		};
/* End XCConfigurationList section */
	};
	rootObject = D73137AA2B5FB27B002EAC60 /* Project object */;
}
