// !$*UTF8*$!
{
	archiveVersion = 1;
	classes = {
	};
	objectVersion = 46;
	objects = {

/* Begin PBXBuildFile section */
		D73138572B5FD3C0002EAC60 /* main.c in Sources */ = {isa = PBXBuildFile; fileRef = D73138562B5FD3C0002EAC60 /* main.c */; };
/* End PBXBuildFile section */

/* Begin PBXCopyFilesBuildPhase section */
		D73138512B5FD3C0002EAC60 /* CopyFiles */ = {
			isa = PBXCopyFilesBuildPhase;
			buildActionMask = 2147483647;
			dstPath = /usr/share/man/man1/;
			dstSubfolderSpec = 0;
			files = (
			);
			runOnlyForDeploymentPostprocessing = 1;
		};
/* End PBXCopyFilesBuildPhase section */

/* Begin PBXFileReference section */
		D73138532B5FD3C0002EAC60 /* MacCSamples */ = {isa = PBXFileReference; explicitFileType = "compiled.mach-o.executable"; includeInIndex = 0; path = MacCSamples; sourceTree = BUILT_PRODUCTS_DIR; };
		D73138562B5FD3C0002EAC60 /* main.c */ = {isa = PBXFileReference; lastKnownFileType = sourcecode.c.c; path = main.c; sourceTree = "<group>"; };
		D751F8CE2B6046AE00643A32 /* salmon-aes-intr.h */ = {isa = PBXFileReference; fileEncoding = 4; lastKnownFileType = sourcecode.c.h; path = "salmon-aes-intr.h"; sourceTree = "<group>"; };
		D751F8CF2B6046AE00643A32 /* salmon.h */ = {isa = PBXFileReference; fileEncoding = 4; lastKnownFileType = sourcecode.c.h; path = salmon.h; sourceTree = "<group>"; };
		D751F8D12B6046AE00643A32 /* libsalmon.dylib */ = {isa = PBXFileReference; lastKnownFileType = "compiled.mach-o.dylib"; path = libsalmon.dylib; sourceTree = "<group>"; };
		D751F8D22B6046AE00643A32 /* README.txt */ = {isa = PBXFileReference; fileEncoding = 4; lastKnownFileType = text; path = README.txt; sourceTree = "<group>"; };
		D751F8D42B6046CE00643A32 /* README.txt */ = {isa = PBXFileReference; fileEncoding = 4; lastKnownFileType = text; path = README.txt; sourceTree = "<group>"; };
/* End PBXFileReference section */

/* Begin PBXFrameworksBuildPhase section */
		D73138502B5FD3C0002EAC60 /* Frameworks */ = {
			isa = PBXFrameworksBuildPhase;
			buildActionMask = 2147483647;
			files = (
			);
			runOnlyForDeploymentPostprocessing = 0;
		};
/* End PBXFrameworksBuildPhase section */

/* Begin PBXGroup section */
		D731384A2B5FD3C0002EAC60 = {
			isa = PBXGroup;
			children = (
				D751F8D42B6046CE00643A32 /* README.txt */,
				D751F8CB2B6046AE00643A32 /* salmon-lib */,
				D73138552B5FD3C0002EAC60 /* MacCSamples */,
				D73138542B5FD3C0002EAC60 /* Products */,
			);
			sourceTree = "<group>";
		};
		D73138542B5FD3C0002EAC60 /* Products */ = {
			isa = PBXGroup;
			children = (
				D73138532B5FD3C0002EAC60 /* MacCSamples */,
			);
			name = Products;
			sourceTree = "<group>";
		};
		D73138552B5FD3C0002EAC60 /* MacCSamples */ = {
			isa = PBXGroup;
			children = (
				D73138562B5FD3C0002EAC60 /* main.c */,
			);
			path = MacCSamples;
			sourceTree = "<group>";
		};
		D751F8CB2B6046AE00643A32 /* salmon-lib */ = {
			isa = PBXGroup;
			children = (
				D751F8CC2B6046AE00643A32 /* include */,
				D751F8D02B6046AE00643A32 /* lib */,
				D751F8D22B6046AE00643A32 /* README.txt */,
			);
			name = "salmon-lib";
			path = "MacCSamples/salmon-lib";
			sourceTree = "<group>";
		};
		D751F8CC2B6046AE00643A32 /* include */ = {
			isa = PBXGroup;
			children = (
				D751F8CD2B6046AE00643A32 /* salmon-aes-intr */,
				D751F8CF2B6046AE00643A32 /* salmon.h */,
			);
			path = include;
			sourceTree = "<group>";
		};
		D751F8CD2B6046AE00643A32 /* salmon-aes-intr */ = {
			isa = PBXGroup;
			children = (
				D751F8CE2B6046AE00643A32 /* salmon-aes-intr.h */,
			);
			path = "salmon-aes-intr";
			sourceTree = "<group>";
		};
		D751F8D02B6046AE00643A32 /* lib */ = {
			isa = PBXGroup;
			children = (
				D751F8D12B6046AE00643A32 /* libsalmon.dylib */,
			);
			path = lib;
			sourceTree = "<group>";
		};
/* End PBXGroup section */

/* Begin PBXNativeTarget section */
		D73138522B5FD3C0002EAC60 /* MacCSamples */ = {
			isa = PBXNativeTarget;
			buildConfigurationList = D731385A2B5FD3C0002EAC60 /* Build configuration list for PBXNativeTarget "MacCSamples" */;
			buildPhases = (
				D731384F2B5FD3C0002EAC60 /* Sources */,
				D73138502B5FD3C0002EAC60 /* Frameworks */,
				D73138512B5FD3C0002EAC60 /* CopyFiles */,
			);
			buildRules = (
			);
			dependencies = (
			);
			name = MacCSamples;
			productName = MacCSamples;
			productReference = D73138532B5FD3C0002EAC60 /* MacCSamples */;
			productType = "com.apple.product-type.tool";
		};
/* End PBXNativeTarget section */

/* Begin PBXProject section */
		D731384B2B5FD3C0002EAC60 /* Project object */ = {
			isa = PBXProject;
			attributes = {
				LastUpgradeCheck = 0820;
				ORGANIZATIONNAME = Mku;
				TargetAttributes = {
					D73138522B5FD3C0002EAC60 = {
						CreatedOnToolsVersion = 8.2;
						ProvisioningStyle = Automatic;
					};
				};
			};
			buildConfigurationList = D731384E2B5FD3C0002EAC60 /* Build configuration list for PBXProject "MacCSamples" */;
			compatibilityVersion = "Xcode 3.2";
			developmentRegion = English;
			hasScannedForEncodings = 0;
			knownRegions = (
				en,
			);
			mainGroup = D731384A2B5FD3C0002EAC60;
			productRefGroup = D73138542B5FD3C0002EAC60 /* Products */;
			projectDirPath = "";
			projectRoot = "";
			targets = (
				D73138522B5FD3C0002EAC60 /* MacCSamples */,
			);
		};
/* End PBXProject section */

/* Begin PBXSourcesBuildPhase section */
		D731384F2B5FD3C0002EAC60 /* Sources */ = {
			isa = PBXSourcesBuildPhase;
			buildActionMask = 2147483647;
			files = (
				D73138572B5FD3C0002EAC60 /* main.c in Sources */,
			);
			runOnlyForDeploymentPostprocessing = 0;
		};
/* End PBXSourcesBuildPhase section */

/* Begin XCBuildConfiguration section */
		D73138582B5FD3C0002EAC60 /* Debug */ = {
			isa = XCBuildConfiguration;
			buildSettings = {
				ALWAYS_SEARCH_USER_PATHS = NO;
				CLANG_ANALYZER_NONNULL = YES;
				CLANG_CXX_LANGUAGE_STANDARD = "gnu++0x";
				CLANG_CXX_LIBRARY = "libc++";
				CLANG_ENABLE_MODULES = YES;
				CLANG_ENABLE_OBJC_ARC = YES;
				CLANG_WARN_BOOL_CONVERSION = YES;
				CLANG_WARN_CONSTANT_CONVERSION = YES;
				CLANG_WARN_DIRECT_OBJC_ISA_USAGE = YES_ERROR;
				CLANG_WARN_DOCUMENTATION_COMMENTS = YES;
				CLANG_WARN_EMPTY_BODY = YES;
				CLANG_WARN_ENUM_CONVERSION = YES;
				CLANG_WARN_INFINITE_RECURSION = YES;
				CLANG_WARN_INT_CONVERSION = YES;
				CLANG_WARN_OBJC_ROOT_CLASS = YES_ERROR;
				CLANG_WARN_SUSPICIOUS_MOVE = YES;
				CLANG_WARN_UNREACHABLE_CODE = YES;
				CLANG_WARN__DUPLICATE_METHOD_MATCH = YES;
				CODE_SIGN_IDENTITY = "-";
				COPY_PHASE_STRIP = NO;
				DEBUG_INFORMATION_FORMAT = dwarf;
				ENABLE_STRICT_OBJC_MSGSEND = YES;
				ENABLE_TESTABILITY = YES;
				GCC_C_LANGUAGE_STANDARD = gnu99;
				GCC_DYNAMIC_NO_PIC = NO;
				GCC_NO_COMMON_BLOCKS = YES;
				GCC_OPTIMIZATION_LEVEL = 0;
				GCC_PREPROCESSOR_DEFINITIONS = (
					"DEBUG=1",
					"$(inherited)",
				);
				GCC_WARN_64_TO_32_BIT_CONVERSION = YES;
				GCC_WARN_ABOUT_RETURN_TYPE = YES_ERROR;
				GCC_WARN_UNDECLARED_SELECTOR = YES;
				GCC_WARN_UNINITIALIZED_AUTOS = YES_AGGRESSIVE;
				GCC_WARN_UNUSED_FUNCTION = YES;
				GCC_WARN_UNUSED_VARIABLE = YES;
				MACOSX_DEPLOYMENT_TARGET = 10.11;
				MTL_ENABLE_DEBUG_INFO = YES;
				ONLY_ACTIVE_ARCH = YES;
				SDKROOT = macosx;
			};
			name = Debug;
		};
		D73138592B5FD3C0002EAC60 /* Release */ = {
			isa = XCBuildConfiguration;
			buildSettings = {
				ALWAYS_SEARCH_USER_PATHS = NO;
				CLANG_ANALYZER_NONNULL = YES;
				CLANG_CXX_LANGUAGE_STANDARD = "gnu++0x";
				CLANG_CXX_LIBRARY = "libc++";
				CLANG_ENABLE_MODULES = YES;
				CLANG_ENABLE_OBJC_ARC = YES;
				CLANG_WARN_BOOL_CONVERSION = YES;
				CLANG_WARN_CONSTANT_CONVERSION = YES;
				CLANG_WARN_DIRECT_OBJC_ISA_USAGE = YES_ERROR;
				CLANG_WARN_DOCUMENTATION_COMMENTS = YES;
				CLANG_WARN_EMPTY_BODY = YES;
				CLANG_WARN_ENUM_CONVERSION = YES;
				CLANG_WARN_INFINITE_RECURSION = YES;
				CLANG_WARN_INT_CONVERSION = YES;
				CLANG_WARN_OBJC_ROOT_CLASS = YES_ERROR;
				CLANG_WARN_SUSPICIOUS_MOVE = YES;
				CLANG_WARN_UNREACHABLE_CODE = YES;
				CLANG_WARN__DUPLICATE_METHOD_MATCH = YES;
				CODE_SIGN_IDENTITY = "-";
				COPY_PHASE_STRIP = NO;
				DEBUG_INFORMATION_FORMAT = "dwarf-with-dsym";
				ENABLE_NS_ASSERTIONS = NO;
				ENABLE_STRICT_OBJC_MSGSEND = YES;
				GCC_C_LANGUAGE_STANDARD = gnu99;
				GCC_NO_COMMON_BLOCKS = YES;
				GCC_WARN_64_TO_32_BIT_CONVERSION = YES;
				GCC_WARN_ABOUT_RETURN_TYPE = YES_ERROR;
				GCC_WARN_UNDECLARED_SELECTOR = YES;
				GCC_WARN_UNINITIALIZED_AUTOS = YES_AGGRESSIVE;
				GCC_WARN_UNUSED_FUNCTION = YES;
				GCC_WARN_UNUSED_VARIABLE = YES;
				MACOSX_DEPLOYMENT_TARGET = 10.11;
				MTL_ENABLE_DEBUG_INFO = NO;
				SDKROOT = macosx;
			};
			name = Release;
		};
		D731385B2B5FD3C0002EAC60 /* Debug */ = {
			isa = XCBuildConfiguration;
			buildSettings = {
				HEADER_SEARCH_PATHS = "salmon-lib/include";
				LIBRARY_SEARCH_PATHS = (
					"$(inherited)",
					"$(PROJECT_DIR)/MacCSamples/salmon-lib/lib",
				);
				OTHER_CFLAGS = "";
				OTHER_LDFLAGS = (
					"-L$(PROJECT_DIR)/MacCSamples/salmon-lib/lib",
					"-lsalmon",
				);
				PRODUCT_NAME = "$(TARGET_NAME)";
				VALID_ARCHS = x86_64;
			};
			name = Debug;
		};
		D731385C2B5FD3C0002EAC60 /* Release */ = {
			isa = XCBuildConfiguration;
			buildSettings = {
				HEADER_SEARCH_PATHS = "salmon-lib/include";
				LIBRARY_SEARCH_PATHS = (
					"$(inherited)",
					"$(PROJECT_DIR)/MacCSamples/salmon-lib/lib",
				);
				OTHER_CFLAGS = "";
				OTHER_LDFLAGS = (
					"-L$(PROJECT_DIR)/MacCSamples/salmon-lib/lib",
					"-lsalmon",
				);
				PRODUCT_NAME = "$(TARGET_NAME)";
				VALID_ARCHS = x86_64;
			};
			name = Release;
		};
/* End XCBuildConfiguration section */

/* Begin XCConfigurationList section */
		D731384E2B5FD3C0002EAC60 /* Build configuration list for PBXProject "MacCSamples" */ = {
			isa = XCConfigurationList;
			buildConfigurations = (
				D73138582B5FD3C0002EAC60 /* Debug */,
				D73138592B5FD3C0002EAC60 /* Release */,
			);
			defaultConfigurationIsVisible = 0;
			defaultConfigurationName = Release;
		};
		D731385A2B5FD3C0002EAC60 /* Build configuration list for PBXNativeTarget "MacCSamples" */ = {
			isa = XCConfigurationList;
			buildConfigurations = (
				D731385B2B5FD3C0002EAC60 /* Debug */,
				D731385C2B5FD3C0002EAC60 /* Release */,
			);
			defaultConfigurationIsVisible = 0;
			defaultConfigurationName = Release;
		};
/* End XCConfigurationList section */
	};
	rootObject = D731384B2B5FD3C0002EAC60 /* Project object */;
}
