
Microsoft Visual Studio Solution File, Format Version 12.00
# Visual Studio Version 17
VisualStudioVersion = 17.3.32929.385
MinimumVisualStudioVersion = 10.0.40219.1
Project("{FAE04EC0-301F-11D3-BF4B-00C04F79EFBC}") = "SalmonService", "SalmonService\SalmonService.csproj", "{1D462809-0BA5-4379-B0E2-EA349EA28975}"
EndProject
Project("{9A19103F-16F7-4668-BE54-9A1E7A4F7556}") = "WinServiceTest", "SalmonServiceTest\WinServiceTest.csproj", "{62441736-4C19-4F54-9A23-04F93DE800BD}"
EndProject
Global
	GlobalSection(SolutionConfigurationPlatforms) = preSolution
		Debug|Any CPU = Debug|Any CPU
		Release|Any CPU = Release|Any CPU
	EndGlobalSection
	GlobalSection(ProjectConfigurationPlatforms) = postSolution
		{1D462809-0BA5-4379-B0E2-EA349EA28975}.Debug|Any CPU.ActiveCfg = Debug|Any CPU
		{1D462809-0BA5-4379-B0E2-EA349EA28975}.Debug|Any CPU.Build.0 = Debug|Any CPU
		{1D462809-0BA5-4379-B0E2-EA349EA28975}.Release|Any CPU.ActiveCfg = Release|Any CPU
		{1D462809-0BA5-4379-B0E2-EA349EA28975}.Release|Any CPU.Build.0 = Release|Any CPU
		{62441736-4C19-4F54-9A23-04F93DE800BD}.Debug|Any CPU.ActiveCfg = Debug|Any CPU
		{62441736-4C19-4F54-9A23-04F93DE800BD}.Debug|Any CPU.Build.0 = Debug|Any CPU
		{62441736-4C19-4F54-9A23-04F93DE800BD}.Release|Any CPU.ActiveCfg = Release|Any CPU
		{62441736-4C19-4F54-9A23-04F93DE800BD}.Release|Any CPU.Build.0 = Release|Any CPU
	EndGlobalSection
	GlobalSection(SolutionProperties) = preSolution
		HideSolutionNode = FALSE
	EndGlobalSection
	GlobalSection(ExtensibilityGlobals) = postSolution
		SolutionGuid = {A39708D0-568C-440C-9CFB-03DAD470EE19}
	EndGlobalSection
EndGlobal
