{
  "name": "salmonsamples",
  "version": "2.3.0",
  "lockfileVersion": 3,
  "requires": true,
  "packages": {
    "": {
      "name": "salmonsamples",
      "version": "2.3.0",
      "license": "MIT",
      "dependencies": {
        "koffi": "^2.14.1"
      },
      "devDependencies": {}
    },
    "node_modules/koffi": {
      "version": "2.14.1",
      "resolved": "https://registry.npmjs.org/koffi/-/koffi-2.14.1.tgz",
      "integrity": "sha512-IMFL3IbRDXacSIjs7pPbPxgNlJ2hUtawQXU2QPdr6iw38jmv5AesAUG8HPX00xl0PPA2BbEa3noTw1YdHY+gHg==",
      "hasInstallScript": true,
      "funding": {
        "url": "https://buymeacoffee.com/koromix"
      }
    }
  }
}
